
Microsoft Visual Studio Solution File, Format Version 12.00
# Visual Studio Version 17
VisualStudioVersion = 17.10.35122.118
MinimumVisualStudioVersion = 10.0.40219.1
Project("{FAE04EC0-301F-11D3-BF4B-00C04F79EFBC}") = "SFyCSm010e1", "SFyCSm010e1.csproj", "{394B82B2-D451-4649-BB6E-96D0F9A6D1C0}"
EndProject
Global
	GlobalSection(SolutionConfigurationPlatforms) = preSolution
		Debug|Any CPU = Debug|Any CPU
		Release|Any CPU = Release|Any CPU
	EndGlobalSection
	GlobalSection(ProjectConfigurationPlatforms) = postSolution
		{394B82B2-D451-4649-BB6E-96D0F9A6D1C0}.Debug|Any CPU.ActiveCfg = Debug|Any CPU
		{394B82B2-D451-4649-BB6E-96D0F9A6D1C0}.Debug|Any CPU.Build.0 = Debug|Any CPU
		{394B82B2-D451-4649-BB6E-96D0F9A6D1C0}.Release|Any CPU.ActiveCfg = Release|Any CPU
		{394B82B2-D451-4649-BB6E-96D0F9A6D1C0}.Release|Any CPU.Build.0 = Release|Any CPU
	EndGlobalSection
	GlobalSection(SolutionProperties) = preSolution
		HideSolutionNode = FALSE
	EndGlobalSection
	GlobalSection(ExtensibilityGlobals) = postSolution
		SolutionGuid = {21ACA01A-194C-42FD-9412-F2193BA7AEE0}
	EndGlobalSection
EndGlobal
